{
  "version": 4,
  "terraform_version": "1.3.6",
  "serial": 16,
  "lineage": "e8b615de-6dd4-d93c-51ce-887fa48ff71b",
  "outputs": {},
  "resources": [
    {
      "mode": "data",
      "type": "aws_availability_zones",
      "name": "available",
      "provider": "provider[\"registry.terraform.io/hashicorp/aws\"]",
      "instances": [
        {
          "schema_version": 0,
          "attributes": {
            "all_availability_zones": null,
            "exclude_names": null,
            "exclude_zone_ids": null,
            "filter": null,
            "group_names": [
              "us-west-2"
            ],
            "id": "us-west-2",
            "names": [
              "us-west-2a",
              "us-west-2b",
              "us-west-2c",
              "us-west-2d"
            ],
            "state": "available",
            "timeouts": null,
            "zone_ids": [
              "usw2-az1",
              "usw2-az2",
              "usw2-az3",
              "usw2-az4"
            ]
          },
          "sensitive_attributes": []
        }
      ]
    },
    {
      "mode": "managed",
      "type": "aws_subnet",
      "name": "private",
      "provider": "provider[\"registry.terraform.io/hashicorp/aws\"]",
      "instances": [
        {
          "index_key": 0,
          "schema_version": 1,
          "attributes": {
            "arn": "arn:aws:ec2:us-west-2:581957715303:subnet/subnet-0d6309574cf707e44",
            "assign_ipv6_address_on_creation": false,
            "availability_zone": "us-west-2a",
            "availability_zone_id": "usw2-az1",
            "cidr_block": "172.16.2.0/24",
            "customer_owned_ipv4_pool": "",
            "enable_dns64": false,
            "enable_resource_name_dns_a_record_on_launch": false,
            "enable_resource_name_dns_aaaa_record_on_launch": false,
            "id": "subnet-0d6309574cf707e44",
            "ipv6_cidr_block": "",
            "ipv6_cidr_block_association_id": "",
            "ipv6_native": false,
            "map_customer_owned_ip_on_launch": false,
            "map_public_ip_on_launch": false,
            "outpost_arn": "",
            "owner_id": "581957715303",
            "private_dns_hostname_type_on_launch": "ip-name",
            "tags": {
              "Billing-Account": "581957715303",
              "Enviroment": "production",
              "Managed-By": "Terraform",
              "Name": "private",
              "Owner-Email": "nbomasi@gmail.com"
            },
            "tags_all": {
              "Billing-Account": "581957715303",
              "Enviroment": "production",
              "Managed-By": "Terraform",
              "Name": "private",
              "Owner-Email": "nbomasi@gmail.com"
            },
            "timeouts": null,
            "vpc_id": "vpc-0f6160b659d7f4040"
          },
          "sensitive_attributes": [],
          "private": "eyJlMmJmYjczMC1lY2FhLTExZTYtOGY4OC0zNDM2M2JjN2M0YzAiOnsiY3JlYXRlIjo2MDAwMDAwMDAwMDAsImRlbGV0ZSI6MTIwMDAwMDAwMDAwMH0sInNjaGVtYV92ZXJzaW9uIjoiMSJ9",
          "dependencies": [
            "aws_vpc.main",
            "data.aws_availability_zones.available"
          ]
        },
        {
          "index_key": 1,
          "schema_version": 1,
          "attributes": {
            "arn": "arn:aws:ec2:us-west-2:581957715303:subnet/subnet-0b900bcc75c9504b7",
            "assign_ipv6_address_on_creation": false,
            "availability_zone": "us-west-2b",
            "availability_zone_id": "usw2-az2",
            "cidr_block": "172.16.3.0/24",
            "customer_owned_ipv4_pool": "",
            "enable_dns64": false,
            "enable_resource_name_dns_a_record_on_launch": false,
            "enable_resource_name_dns_aaaa_record_on_launch": false,
            "id": "subnet-0b900bcc75c9504b7",
            "ipv6_cidr_block": "",
            "ipv6_cidr_block_association_id": "",
            "ipv6_native": false,
            "map_customer_owned_ip_on_launch": false,
            "map_public_ip_on_launch": false,
            "outpost_arn": "",
            "owner_id": "581957715303",
            "private_dns_hostname_type_on_launch": "ip-name",
            "tags": {
              "Billing-Account": "581957715303",
              "Enviroment": "production",
              "Managed-By": "Terraform",
              "Name": "private",
              "Owner-Email": "nbomasi@gmail.com"
            },
            "tags_all": {
              "Billing-Account": "581957715303",
              "Enviroment": "production",
              "Managed-By": "Terraform",
              "Name": "private",
              "Owner-Email": "nbomasi@gmail.com"
            },
            "timeouts": null,
            "vpc_id": "vpc-0f6160b659d7f4040"
          },
          "sensitive_attributes": [],
          "private": "eyJlMmJmYjczMC1lY2FhLTExZTYtOGY4OC0zNDM2M2JjN2M0YzAiOnsiY3JlYXRlIjo2MDAwMDAwMDAwMDAsImRlbGV0ZSI6MTIwMDAwMDAwMDAwMH0sInNjaGVtYV92ZXJzaW9uIjoiMSJ9",
          "dependencies": [
            "aws_vpc.main",
            "data.aws_availability_zones.available"
          ]
        },
        {
          "index_key": 2,
          "schema_version": 1,
          "attributes": {
            "arn": "arn:aws:ec2:us-west-2:581957715303:subnet/subnet-06bfa80a4b234d45f",
            "assign_ipv6_address_on_creation": false,
            "availability_zone": "us-west-2c",
            "availability_zone_id": "usw2-az3",
            "cidr_block": "172.16.4.0/24",
            "customer_owned_ipv4_pool": "",
            "enable_dns64": false,
            "enable_resource_name_dns_a_record_on_launch": false,
            "enable_resource_name_dns_aaaa_record_on_launch": false,
            "id": "subnet-06bfa80a4b234d45f",
            "ipv6_cidr_block": "",
            "ipv6_cidr_block_association_id": "",
            "ipv6_native": false,
            "map_customer_owned_ip_on_launch": false,
            "map_public_ip_on_launch": false,
            "outpost_arn": "",
            "owner_id": "581957715303",
            "private_dns_hostname_type_on_launch": "ip-name",
            "tags": {
              "Billing-Account": "581957715303",
              "Enviroment": "production",
              "Managed-By": "Terraform",
              "Name": "private",
              "Owner-Email": "nbomasi@gmail.com"
            },
            "tags_all": {
              "Billing-Account": "581957715303",
              "Enviroment": "production",
              "Managed-By": "Terraform",
              "Name": "private",
              "Owner-Email": "nbomasi@gmail.com"
            },
            "timeouts": null,
            "vpc_id": "vpc-0f6160b659d7f4040"
          },
          "sensitive_attributes": [],
          "private": "eyJlMmJmYjczMC1lY2FhLTExZTYtOGY4OC0zNDM2M2JjN2M0YzAiOnsiY3JlYXRlIjo2MDAwMDAwMDAwMDAsImRlbGV0ZSI6MTIwMDAwMDAwMDAwMH0sInNjaGVtYV92ZXJzaW9uIjoiMSJ9",
          "dependencies": [
            "aws_vpc.main",
            "data.aws_availability_zones.available"
          ]
        },
        {
          "index_key": 3,
          "schema_version": 1,
          "attributes": {
            "arn": "arn:aws:ec2:us-west-2:581957715303:subnet/subnet-05684f681e4797a05",
            "assign_ipv6_address_on_creation": false,
            "availability_zone": "us-west-2d",
            "availability_zone_id": "usw2-az4",
            "cidr_block": "172.16.5.0/24",
            "customer_owned_ipv4_pool": "",
            "enable_dns64": false,
            "enable_resource_name_dns_a_record_on_launch": false,
            "enable_resource_name_dns_aaaa_record_on_launch": false,
            "id": "subnet-05684f681e4797a05",
            "ipv6_cidr_block": "",
            "ipv6_cidr_block_association_id": "",
            "ipv6_native": false,
            "map_customer_owned_ip_on_launch": false,
            "map_public_ip_on_launch": false,
            "outpost_arn": "",
            "owner_id": "581957715303",
            "private_dns_hostname_type_on_launch": "ip-name",
            "tags": {
              "Billing-Account": "581957715303",
              "Enviroment": "production",
              "Managed-By": "Terraform",
              "Name": "private",
              "Owner-Email": "nbomasi@gmail.com"
            },
            "tags_all": {
              "Billing-Account": "581957715303",
              "Enviroment": "production",
              "Managed-By": "Terraform",
              "Name": "private",
              "Owner-Email": "nbomasi@gmail.com"
            },
            "timeouts": null,
            "vpc_id": "vpc-0f6160b659d7f4040"
          },
          "sensitive_attributes": [],
          "private": "eyJlMmJmYjczMC1lY2FhLTExZTYtOGY4OC0zNDM2M2JjN2M0YzAiOnsiY3JlYXRlIjo2MDAwMDAwMDAwMDAsImRlbGV0ZSI6MTIwMDAwMDAwMDAwMH0sInNjaGVtYV92ZXJzaW9uIjoiMSJ9",
          "dependencies": [
            "aws_vpc.main",
            "data.aws_availability_zones.available"
          ]
        }
      ]
    },
    {
      "mode": "managed",
      "type": "aws_subnet",
      "name": "public",
      "provider": "provider[\"registry.terraform.io/hashicorp/aws\"]",
      "instances": [
        {
          "index_key": 0,
          "schema_version": 1,
          "attributes": {
            "arn": "arn:aws:ec2:us-west-2:581957715303:subnet/subnet-0a467a5db4941d069",
            "assign_ipv6_address_on_creation": false,
            "availability_zone": "us-west-2a",
            "availability_zone_id": "usw2-az1",
            "cidr_block": "172.16.0.0/24",
            "customer_owned_ipv4_pool": "",
            "enable_dns64": false,
            "enable_resource_name_dns_a_record_on_launch": false,
            "enable_resource_name_dns_aaaa_record_on_launch": false,
            "id": "subnet-0a467a5db4941d069",
            "ipv6_cidr_block": "",
            "ipv6_cidr_block_association_id": "",
            "ipv6_native": false,
            "map_customer_owned_ip_on_launch": false,
            "map_public_ip_on_launch": true,
            "outpost_arn": "",
            "owner_id": "581957715303",
            "private_dns_hostname_type_on_launch": "ip-name",
            "tags": {
              "Billing-Account": "581957715303",
              "Enviroment": "production",
              "Managed-By": "Terraform",
              "Name": "public",
              "Owner-Email": "nbomasi@gmail.com"
            },
            "tags_all": {
              "Billing-Account": "581957715303",
              "Enviroment": "production",
              "Managed-By": "Terraform",
              "Name": "public",
              "Owner-Email": "nbomasi@gmail.com"
            },
            "timeouts": null,
            "vpc_id": "vpc-0f6160b659d7f4040"
          },
          "sensitive_attributes": [],
          "private": "eyJlMmJmYjczMC1lY2FhLTExZTYtOGY4OC0zNDM2M2JjN2M0YzAiOnsiY3JlYXRlIjo2MDAwMDAwMDAwMDAsImRlbGV0ZSI6MTIwMDAwMDAwMDAwMH0sInNjaGVtYV92ZXJzaW9uIjoiMSJ9",
          "dependencies": [
            "aws_vpc.main",
            "data.aws_availability_zones.available"
          ]
        },
        {
          "index_key": 1,
          "schema_version": 1,
          "attributes": {
            "arn": "arn:aws:ec2:us-west-2:581957715303:subnet/subnet-0ae9e34132d252cb6",
            "assign_ipv6_address_on_creation": false,
            "availability_zone": "us-west-2b",
            "availability_zone_id": "usw2-az2",
            "cidr_block": "172.16.1.0/24",
            "customer_owned_ipv4_pool": "",
            "enable_dns64": false,
            "enable_resource_name_dns_a_record_on_launch": false,
            "enable_resource_name_dns_aaaa_record_on_launch": false,
            "id": "subnet-0ae9e34132d252cb6",
            "ipv6_cidr_block": "",
            "ipv6_cidr_block_association_id": "",
            "ipv6_native": false,
            "map_customer_owned_ip_on_launch": false,
            "map_public_ip_on_launch": true,
            "outpost_arn": "",
            "owner_id": "581957715303",
            "private_dns_hostname_type_on_launch": "ip-name",
            "tags": {
              "Billing-Account": "581957715303",
              "Enviroment": "production",
              "Managed-By": "Terraform",
              "Name": "public",
              "Owner-Email": "nbomasi@gmail.com"
            },
            "tags_all": {
              "Billing-Account": "581957715303",
              "Enviroment": "production",
              "Managed-By": "Terraform",
              "Name": "public",
              "Owner-Email": "nbomasi@gmail.com"
            },
            "timeouts": null,
            "vpc_id": "vpc-0f6160b659d7f4040"
          },
          "sensitive_attributes": [],
          "private": "eyJlMmJmYjczMC1lY2FhLTExZTYtOGY4OC0zNDM2M2JjN2M0YzAiOnsiY3JlYXRlIjo2MDAwMDAwMDAwMDAsImRlbGV0ZSI6MTIwMDAwMDAwMDAwMH0sInNjaGVtYV92ZXJzaW9uIjoiMSJ9",
          "dependencies": [
            "aws_vpc.main",
            "data.aws_availability_zones.available"
          ]
        }
      ]
    },
    {
      "mode": "managed",
      "type": "aws_vpc",
      "name": "main",
      "provider": "provider[\"registry.terraform.io/hashicorp/aws\"]",
      "instances": [
        {
          "schema_version": 1,
          "attributes": {
            "arn": "arn:aws:ec2:us-west-2:581957715303:vpc/vpc-0f6160b659d7f4040",
            "assign_generated_ipv6_cidr_block": false,
            "cidr_block": "172.16.0.0/16",
            "default_network_acl_id": "acl-0b8daef687993a42c",
            "default_route_table_id": "rtb-07485839f65609d7c",
            "default_security_group_id": "sg-0c896d5a9db4fd8a2",
            "dhcp_options_id": "dopt-0f558c12ffe037ca5",
            "enable_classiclink": false,
            "enable_classiclink_dns_support": false,
            "enable_dns_hostnames": true,
            "enable_dns_support": true,
            "enable_network_address_usage_metrics": false,
            "id": "vpc-0f6160b659d7f4040",
            "instance_tenancy": "default",
            "ipv4_ipam_pool_id": null,
            "ipv4_netmask_length": null,
            "ipv6_association_id": "",
            "ipv6_cidr_block": "",
            "ipv6_cidr_block_network_border_group": "",
            "ipv6_ipam_pool_id": "",
            "ipv6_netmask_length": 0,
            "main_route_table_id": "rtb-07485839f65609d7c",
            "owner_id": "581957715303",
            "tags": {
              "Billing-Account": "581957715303",
              "Enviroment": "production",
              "Managed-By": "Terraform",
              "Name": "main-vpc",
              "Owner-Email": "nbomasi@gmail.com"
            },
            "tags_all": {
              "Billing-Account": "581957715303",
              "Enviroment": "production",
              "Managed-By": "Terraform",
              "Name": "main-vpc",
              "Owner-Email": "nbomasi@gmail.com"
            }
          },
          "sensitive_attributes": [],
          "private": "eyJzY2hlbWFfdmVyc2lvbiI6IjEifQ=="
        }
      ]
    }
  ],
  "check_results": null
}
